
Microsoft Visual Studio Solution File, Format Version 12.00
# Visual Studio Version 16
VisualStudioVersion = 16.0.31112.23
MinimumVisualStudioVersion = 10.0.40219.1
Project("{FAE04EC0-301F-11D3-BF4B-00C04F79EFBC}") = "DietPlanner.Server", "DietPlanner\Server\DietPlanner.Server.csproj", "{A5A0ED34-C47C-4136-B8C7-051CE5FAD9D6}"
EndProject
Project("{FAE04EC0-301F-11D3-BF4B-00C04F79EFBC}") = "DietPlanner.Client", "DietPlanner\Client\DietPlanner.Client.csproj", "{92D67299-B962-452C-A92A-665227F046EB}"
EndProject
Project("{FAE04EC0-301F-11D3-BF4B-00C04F79EFBC}") = "DietPlanner.Shared", "DietPlanner\Shared\DietPlanner.Shared.csproj", "{C0D66EB2-8005-411D-B708-CE148627D86C}"
EndProject
Project("{2150E333-8FDC-42A3-9474-1A3956D46DE8}") = "Server", "Server", "{F6589339-3548-4C4A-B6B4-460A9748C8A6}"
EndProject
Project("{2150E333-8FDC-42A3-9474-1A3956D46DE8}") = "Client", "Client", "{55B7FA75-9D48-43A0-B8A1-321905865E7E}"
EndProject
Project("{2150E333-8FDC-42A3-9474-1A3956D46DE8}") = "Shared", "Shared", "{D0ED60F2-874D-4E2F-B68C-DFC536EE8C51}"
EndProject
Project("{2150E333-8FDC-42A3-9474-1A3956D46DE8}") = "Layers", "Layers", "{CE0C2D4E-588C-44F5-B2BF-B0A9ECB3491A}"
EndProject
Project("{FAE04EC0-301F-11D3-BF4B-00C04F79EFBC}") = "DietPlanner.Server.Entities", "Layers\DietPlanner.Server.Entities\DietPlanner.Server.Entities.csproj", "{74B4B76A-1D56-4237-A7CE-A134BB4551B6}"
EndProject
Project("{FAE04EC0-301F-11D3-BF4B-00C04F79EFBC}") = "DietPlanner.Server.DAL", "Layers\DietPlanner.Server.DAL\DietPlanner.Server.DAL.csproj", "{061B4DB5-0AA0-4A20-AA62-A2F52B9EFEBA}"
EndProject
Project("{FAE04EC0-301F-11D3-BF4B-00C04F79EFBC}") = "DietPlanner.Server.BLL", "DietPlanner.Server.BLL\DietPlanner.Server.BLL.csproj", "{B4480D29-CCF3-4C57-B35E-D4D797081189}"
EndProject
Project("{2150E333-8FDC-42A3-9474-1A3956D46DE8}") = "DTO", "DTO", "{FD922826-19C0-482A-9D2E-A68013A46949}"
EndProject
Project("{FAE04EC0-301F-11D3-BF4B-00C04F79EFBC}") = "DietPlanner.DTO", "DTO\DietPlanner.DTO\DietPlanner.DTO.csproj", "{6D1B3AC3-1289-4C13-9A77-72344265F39E}"
EndProject
Project("{FAE04EC0-301F-11D3-BF4B-00C04F79EFBC}") = "DietPlanner.DTO.Validation", "DTO\DietPlanner.DTO.Validation\DietPlanner.DTO.Validation.csproj", "{7E61671E-20F4-47C1-957A-E28608DCA96E}"
EndProject
Global
	GlobalSection(SolutionConfigurationPlatforms) = preSolution
		Debug|Any CPU = Debug|Any CPU
		Release|Any CPU = Release|Any CPU
	EndGlobalSection
	GlobalSection(ProjectConfigurationPlatforms) = postSolution
		{A5A0ED34-C47C-4136-B8C7-051CE5FAD9D6}.Debug|Any CPU.ActiveCfg = Debug|Any CPU
		{A5A0ED34-C47C-4136-B8C7-051CE5FAD9D6}.Debug|Any CPU.Build.0 = Debug|Any CPU
		{A5A0ED34-C47C-4136-B8C7-051CE5FAD9D6}.Release|Any CPU.ActiveCfg = Release|Any CPU
		{A5A0ED34-C47C-4136-B8C7-051CE5FAD9D6}.Release|Any CPU.Build.0 = Release|Any CPU
		{92D67299-B962-452C-A92A-665227F046EB}.Debug|Any CPU.ActiveCfg = Debug|Any CPU
		{92D67299-B962-452C-A92A-665227F046EB}.Debug|Any CPU.Build.0 = Debug|Any CPU
		{92D67299-B962-452C-A92A-665227F046EB}.Release|Any CPU.ActiveCfg = Release|Any CPU
		{92D67299-B962-452C-A92A-665227F046EB}.Release|Any CPU.Build.0 = Release|Any CPU
		{C0D66EB2-8005-411D-B708-CE148627D86C}.Debug|Any CPU.ActiveCfg = Debug|Any CPU
		{C0D66EB2-8005-411D-B708-CE148627D86C}.Debug|Any CPU.Build.0 = Debug|Any CPU
		{C0D66EB2-8005-411D-B708-CE148627D86C}.Release|Any CPU.ActiveCfg = Release|Any CPU
		{C0D66EB2-8005-411D-B708-CE148627D86C}.Release|Any CPU.Build.0 = Release|Any CPU
		{74B4B76A-1D56-4237-A7CE-A134BB4551B6}.Debug|Any CPU.ActiveCfg = Debug|Any CPU
		{74B4B76A-1D56-4237-A7CE-A134BB4551B6}.Debug|Any CPU.Build.0 = Debug|Any CPU
		{74B4B76A-1D56-4237-A7CE-A134BB4551B6}.Release|Any CPU.ActiveCfg = Release|Any CPU
		{74B4B76A-1D56-4237-A7CE-A134BB4551B6}.Release|Any CPU.Build.0 = Release|Any CPU
		{061B4DB5-0AA0-4A20-AA62-A2F52B9EFEBA}.Debug|Any CPU.ActiveCfg = Debug|Any CPU
		{061B4DB5-0AA0-4A20-AA62-A2F52B9EFEBA}.Debug|Any CPU.Build.0 = Debug|Any CPU
		{061B4DB5-0AA0-4A20-AA62-A2F52B9EFEBA}.Release|Any CPU.ActiveCfg = Release|Any CPU
		{061B4DB5-0AA0-4A20-AA62-A2F52B9EFEBA}.Release|Any CPU.Build.0 = Release|Any CPU
		{B4480D29-CCF3-4C57-B35E-D4D797081189}.Debug|Any CPU.ActiveCfg = Debug|Any CPU
		{B4480D29-CCF3-4C57-B35E-D4D797081189}.Debug|Any CPU.Build.0 = Debug|Any CPU
		{B4480D29-CCF3-4C57-B35E-D4D797081189}.Release|Any CPU.ActiveCfg = Release|Any CPU
		{B4480D29-CCF3-4C57-B35E-D4D797081189}.Release|Any CPU.Build.0 = Release|Any CPU
		{6D1B3AC3-1289-4C13-9A77-72344265F39E}.Debug|Any CPU.ActiveCfg = Debug|Any CPU
		{6D1B3AC3-1289-4C13-9A77-72344265F39E}.Debug|Any CPU.Build.0 = Debug|Any CPU
		{6D1B3AC3-1289-4C13-9A77-72344265F39E}.Release|Any CPU.ActiveCfg = Release|Any CPU
		{6D1B3AC3-1289-4C13-9A77-72344265F39E}.Release|Any CPU.Build.0 = Release|Any CPU
		{7E61671E-20F4-47C1-957A-E28608DCA96E}.Debug|Any CPU.ActiveCfg = Debug|Any CPU
		{7E61671E-20F4-47C1-957A-E28608DCA96E}.Debug|Any CPU.Build.0 = Debug|Any CPU
		{7E61671E-20F4-47C1-957A-E28608DCA96E}.Release|Any CPU.ActiveCfg = Release|Any CPU
		{7E61671E-20F4-47C1-957A-E28608DCA96E}.Release|Any CPU.Build.0 = Release|Any CPU
	EndGlobalSection
	GlobalSection(SolutionProperties) = preSolution
		HideSolutionNode = FALSE
	EndGlobalSection
	GlobalSection(NestedProjects) = preSolution
		{A5A0ED34-C47C-4136-B8C7-051CE5FAD9D6} = {F6589339-3548-4C4A-B6B4-460A9748C8A6}
		{92D67299-B962-452C-A92A-665227F046EB} = {55B7FA75-9D48-43A0-B8A1-321905865E7E}
		{C0D66EB2-8005-411D-B708-CE148627D86C} = {D0ED60F2-874D-4E2F-B68C-DFC536EE8C51}
		{CE0C2D4E-588C-44F5-B2BF-B0A9ECB3491A} = {F6589339-3548-4C4A-B6B4-460A9748C8A6}
		{74B4B76A-1D56-4237-A7CE-A134BB4551B6} = {CE0C2D4E-588C-44F5-B2BF-B0A9ECB3491A}
		{061B4DB5-0AA0-4A20-AA62-A2F52B9EFEBA} = {CE0C2D4E-588C-44F5-B2BF-B0A9ECB3491A}
		{B4480D29-CCF3-4C57-B35E-D4D797081189} = {CE0C2D4E-588C-44F5-B2BF-B0A9ECB3491A}
		{6D1B3AC3-1289-4C13-9A77-72344265F39E} = {FD922826-19C0-482A-9D2E-A68013A46949}
		{7E61671E-20F4-47C1-957A-E28608DCA96E} = {FD922826-19C0-482A-9D2E-A68013A46949}
	EndGlobalSection
	GlobalSection(ExtensibilityGlobals) = postSolution
		SolutionGuid = {26C7660C-326C-4523-A815-02FD3681D8CC}
	EndGlobalSection
EndGlobal
