
Microsoft Visual Studio Solution File, Format Version 12.00
# Visual Studio Version 16
VisualStudioVersion = 16.0.31112.23
MinimumVisualStudioVersion = 10.0.40219.1
Project("{FAE04EC0-301F-11D3-BF4B-00C04F79EFBC}") = "DietPlanner.BlazorUi", "DietPlanner.BlazorUi\DietPlanner.BlazorUi.csproj", "{61764874-CC92-4ABB-B2CA-CB0E9667CE38}"
EndProject
Global
	GlobalSection(SolutionConfigurationPlatforms) = preSolution
		Debug|Any CPU = Debug|Any CPU
		Release|Any CPU = Release|Any CPU
	EndGlobalSection
	GlobalSection(ProjectConfigurationPlatforms) = postSolution
		{61764874-CC92-4ABB-B2CA-CB0E9667CE38}.Debug|Any CPU.ActiveCfg = Debug|Any CPU
		{61764874-CC92-4ABB-B2CA-CB0E9667CE38}.Debug|Any CPU.Build.0 = Debug|Any CPU
		{61764874-CC92-4ABB-B2CA-CB0E9667CE38}.Release|Any CPU.ActiveCfg = Release|Any CPU
		{61764874-CC92-4ABB-B2CA-CB0E9667CE38}.Release|Any CPU.Build.0 = Release|Any CPU
	EndGlobalSection
	GlobalSection(SolutionProperties) = preSolution
		HideSolutionNode = FALSE
	EndGlobalSection
	GlobalSection(ExtensibilityGlobals) = postSolution
		SolutionGuid = {26C7660C-326C-4523-A815-02FD3681D8CC}
	EndGlobalSection
EndGlobal
